// !$*UTF8*$!
{
	archiveVersion = 1;
	classes = {};
	objectVersion = 77;
	objects = {

/* Begin PBXBuildFile section */
		00100000000000000000001A /* Textual in Frameworks */ = {isa = PBXBuildFile; productRef = 009000000000000000000002 /* Textual */; };
		001000000000000000000001 /* SpotAskApp.swift in Sources */ = {isa = PBXBuildFile; fileRef = 002000000000000000000001 /* SpotAskApp.swift */; };
		001000000000000000000002 /* SpotAskCommandCenter.swift in Sources */ = {isa = PBXBuildFile; fileRef = 002000000000000000000002 /* SpotAskCommandCenter.swift */; };
		001000000000000000000003 /* StatusBarController.swift in Sources */ = {isa = PBXBuildFile; fileRef = 002000000000000000000003 /* StatusBarController.swift */; };
		001000000000000000000004 /* ChatModels.swift in Sources */ = {isa = PBXBuildFile; fileRef = 002000000000000000000004 /* ChatModels.swift */; };
		001000000000000000000005 /* ChatViewModel.swift in Sources */ = {isa = PBXBuildFile; fileRef = 002000000000000000000005 /* ChatViewModel.swift */; };
		001000000000000000000006 /* GlobalHotKey.swift in Sources */ = {isa = PBXBuildFile; fileRef = 002000000000000000000006 /* GlobalHotKey.swift */; };
		001000000000000000000007 /* SpotAskIntents.swift in Sources */ = {isa = PBXBuildFile; fileRef = 002000000000000000000007 /* SpotAskIntents.swift */; };
		001000000000000000000008 /* SessionStore.swift in Sources */ = {isa = PBXBuildFile; fileRef = 002000000000000000000008 /* SessionStore.swift */; };
		001000000000000000000009 /* ChatProvider.swift in Sources */ = {isa = PBXBuildFile; fileRef = 002000000000000000000009 /* ChatProvider.swift */; };
		00100000000000000000000A /* OpenAICompatibleProvider.swift in Sources */ = {isa = PBXBuildFile; fileRef = 00200000000000000000000A /* OpenAICompatibleProvider.swift */; };
		00100000000000000000000B /* SSEParser.swift in Sources */ = {isa = PBXBuildFile; fileRef = 00200000000000000000000B /* SSEParser.swift */; };
		00100000000000000000000C /* ChatInputTextView.swift in Sources */ = {isa = PBXBuildFile; fileRef = 00200000000000000000000C /* ChatInputTextView.swift */; };
		00100000000000000000000D /* ChatView.swift in Sources */ = {isa = PBXBuildFile; fileRef = 00200000000000000000000D /* ChatView.swift */; };
		00100000000000000000000E /* CodeBlockView.swift in Sources */ = {isa = PBXBuildFile; fileRef = 00200000000000000000000E /* CodeBlockView.swift */; };
		001000000000000000000010 /* MarkdownTextView.swift in Sources */ = {isa = PBXBuildFile; fileRef = 002000000000000000000010 /* MarkdownTextView.swift */; };
		001000000000000000000011 /* MessageContentView.swift in Sources */ = {isa = PBXBuildFile; fileRef = 002000000000000000000011 /* MessageContentView.swift */; };
		001000000000000000000012 /* ScrollPositionObserver.swift in Sources */ = {isa = PBXBuildFile; fileRef = 002000000000000000000012 /* ScrollPositionObserver.swift */; };
		001000000000000000000013 /* LocalAPIKeyStore.swift in Sources */ = {isa = PBXBuildFile; fileRef = 002000000000000000000013 /* LocalAPIKeyStore.swift */; };
		001000000000000000000014 /* AppSettings.swift in Sources */ = {isa = PBXBuildFile; fileRef = 002000000000000000000014 /* AppSettings.swift */; };
		001000000000000000000015 /* SettingsView.swift in Sources */ = {isa = PBXBuildFile; fileRef = 002000000000000000000015 /* SettingsView.swift */; };
		001000000000000000000016 /* Clipboard.swift in Sources */ = {isa = PBXBuildFile; fileRef = 002000000000000000000016 /* Clipboard.swift */; };
		001000000000000000000017 /* SafeLogger.swift in Sources */ = {isa = PBXBuildFile; fileRef = 002000000000000000000017 /* SafeLogger.swift */; };
		001000000000000000000018 /* URLNormalizer.swift in Sources */ = {isa = PBXBuildFile; fileRef = 002000000000000000000018 /* URLNormalizer.swift */; };
		001000000000000000000019 /* SpotAskPanelController.swift in Sources */ = {isa = PBXBuildFile; fileRef = 002000000000000000000019 /* SpotAskPanelController.swift */; };
		001000000000000000000020 /* Localization.swift in Sources */ = {isa = PBXBuildFile; fileRef = 002000000000000000000023 /* Localization.swift */; };
		001000000000000000000021 /* Localizable.strings in Resources */ = {isa = PBXBuildFile; fileRef = 002000000000000000000026 /* Localizable.strings */; };
		001000000000000000000022 /* AppShortcuts.strings in Resources */ = {isa = PBXBuildFile; fileRef = 002000000000000000000029 /* AppShortcuts.strings */; };
		001000000000000000000023 /* AppIcon.icns in Resources */ = {isa = PBXBuildFile; fileRef = 002000000000000000000030 /* AppIcon.icns */; };
		001000000000000000000024 /* AppUpdateChecker.swift in Sources */ = {isa = PBXBuildFile; fileRef = 002000000000000000000031 /* AppUpdateChecker.swift */; };
		001000000000000000000025 /* ProviderModelCatalog.swift in Sources */ = {isa = PBXBuildFile; fileRef = 002000000000000000000032 /* ProviderModelCatalog.swift */; };
		001000000000000000000026 /* ProviderModelRegistry.swift in Sources */ = {isa = PBXBuildFile; fileRef = 002000000000000000000033 /* ProviderModelRegistry.swift */; };
		001000000000000000000027 /* ProviderTargetResolver.swift in Sources */ = {isa = PBXBuildFile; fileRef = 002000000000000000000034 /* ProviderTargetResolver.swift */; };
		001000000000000000000029 /* ProviderModelDiscovery.swift in Sources */ = {isa = PBXBuildFile; fileRef = 002000000000000000000036 /* ProviderModelDiscovery.swift */; };
		001000000000000000000028 /* ReasoningToggleState.swift in Sources */ = {isa = PBXBuildFile; fileRef = 002000000000000000000035 /* ReasoningToggleState.swift */; };
		00100000000000000000002A /* SettingsWindowController.swift in Sources */ = {isa = PBXBuildFile; fileRef = 002000000000000000000037 /* SettingsWindowController.swift */; };
		00100000000000000000002B /* InAppShortcut.swift in Sources */ = {isa = PBXBuildFile; fileRef = 002000000000000000000038 /* InAppShortcut.swift */; };
		00100000000000000000002C /* InAppShortcutDispatcher.swift in Sources */ = {isa = PBXBuildFile; fileRef = 002000000000000000000039 /* InAppShortcutDispatcher.swift */; };
		00100000000000000000002D /* StatusToast.swift in Sources */ = {isa = PBXBuildFile; fileRef = 00200000000000000000003A /* StatusToast.swift */; };
		00100000000000000000002E /* ConfigBackup.swift in Sources */ = {isa = PBXBuildFile; fileRef = 00200000000000000000003B /* ConfigBackup.swift */; };
		00100000000000000000002F /* AccessibilityElementReading.swift in Sources */ = {isa = PBXBuildFile; fileRef = 00200000000000000000003C /* AccessibilityElementReading.swift */; };
		001000000000000000000030 /* AccessibilitySelectedTextReader.swift in Sources */ = {isa = PBXBuildFile; fileRef = 00200000000000000000003D /* AccessibilitySelectedTextReader.swift */; };
		001000000000000000000031 /* SelectedTextSnapshot.swift in Sources */ = {isa = PBXBuildFile; fileRef = 00200000000000000000003E /* SelectedTextSnapshot.swift */; };
		001000000000000000000032 /* SelectionAnchorCoordinates.swift in Sources */ = {isa = PBXBuildFile; fileRef = 00200000000000000000003F /* SelectionAnchorCoordinates.swift */; };
		001000000000000000000033 /* SelectionAssistantCoordinator.swift in Sources */ = {isa = PBXBuildFile; fileRef = 002000000000000000000040 /* SelectionAssistantCoordinator.swift */; };
		001000000000000000000034 /* SelectionOverlayController.swift in Sources */ = {isa = PBXBuildFile; fileRef = 002000000000000000000041 /* SelectionOverlayController.swift */; };
		001000000000000000000035 /* SelectionActionBarView.swift in Sources */ = {isa = PBXBuildFile; fileRef = 002000000000000000000042 /* SelectionActionBarView.swift */; };
		001000000000000000000036 /* AccessibilityPermissionCoordinator.swift in Sources */ = {isa = PBXBuildFile; fileRef = 002000000000000000000043 /* AccessibilityPermissionCoordinator.swift */; };
		001000000000000000000037 /* AccessibilitySelectionReplacementWriter.swift in Sources */ = {isa = PBXBuildFile; fileRef = 002000000000000000000044 /* AccessibilitySelectionReplacementWriter.swift */; };
		001000000000000000000038 /* SelectionAutoInvokeMonitor.swift in Sources */ = {isa = PBXBuildFile; fileRef = 002000000000000000000045 /* SelectionAutoInvokeMonitor.swift */; };
		001000000000000000000039 /* SelectionElementChain.swift in Sources */ = {isa = PBXBuildFile; fileRef = 002000000000000000000046 /* SelectionElementChain.swift */; };
		00100000000000000000003A /* ChatNetworking.swift in Sources */ = {isa = PBXBuildFile; fileRef = 002000000000000000000047 /* ChatNetworking.swift */; };
		00100000000000000000003B /* SelectionDiagnosticsFormatting.swift in Sources */ = {isa = PBXBuildFile; fileRef = 002000000000000000000048 /* SelectionDiagnosticsFormatting.swift */; };
		00100000000000000000003C /* SelectionDiagnosticsSink.swift in Sources */ = {isa = PBXBuildFile; fileRef = 002000000000000000000049 /* SelectionDiagnosticsSink.swift */; };
		00100000000000000000003D /* AnthropicProvider.swift in Sources */ = {isa = PBXBuildFile; fileRef = 00200000000000000000004A /* AnthropicProvider.swift */; };
		00100000000000000000003E /* DiagnosticLogStore.swift in Sources */ = {isa = PBXBuildFile; fileRef = 00200000000000000000004B /* DiagnosticLogStore.swift */; };
		00100000000000000000003F /* ChatAttachment.swift in Sources */ = {isa = PBXBuildFile; fileRef = 002000000000000000000058 /* ChatAttachment.swift */; };
		001000000000000000000040 /* AttachmentProcessor.swift in Sources */ = {isa = PBXBuildFile; fileRef = 002000000000000000000059 /* AttachmentProcessor.swift */; };
		001000000000000000000041 /* ProviderIcons in Resources */ = {isa = PBXBuildFile; fileRef = 00200000000000000000005A /* ProviderIcons */; };
		001000000000000000000042 /* ProviderBrandIcon.swift in Sources */ = {isa = PBXBuildFile; fileRef = 00200000000000000000005B /* ProviderBrandIcon.swift */; };
/* End PBXBuildFile section */

/* Begin PBXFileReference section */
		002000000000000000000001 /* SpotAskApp.swift */ = {isa = PBXFileReference; lastKnownFileType = sourcecode.swift; path = Sources/SpotAsk/App/SpotAskApp.swift; sourceTree = SOURCE_ROOT; };
		002000000000000000000002 /* SpotAskCommandCenter.swift */ = {isa = PBXFileReference; lastKnownFileType = sourcecode.swift; path = Sources/SpotAsk/App/SpotAskCommandCenter.swift; sourceTree = SOURCE_ROOT; };
		002000000000000000000003 /* StatusBarController.swift */ = {isa = PBXFileReference; lastKnownFileType = sourcecode.swift; path = Sources/SpotAsk/App/StatusBarController.swift; sourceTree = SOURCE_ROOT; };
		002000000000000000000004 /* ChatModels.swift */ = {isa = PBXFileReference; lastKnownFileType = sourcecode.swift; path = Sources/SpotAsk/Chat/ChatModels.swift; sourceTree = SOURCE_ROOT; };
		002000000000000000000005 /* ChatViewModel.swift */ = {isa = PBXFileReference; lastKnownFileType = sourcecode.swift; path = Sources/SpotAsk/Chat/ChatViewModel.swift; sourceTree = SOURCE_ROOT; };
		002000000000000000000006 /* GlobalHotKey.swift */ = {isa = PBXFileReference; lastKnownFileType = sourcecode.swift; path = Sources/SpotAsk/HotKey/GlobalHotKey.swift; sourceTree = SOURCE_ROOT; };
		002000000000000000000007 /* SpotAskIntents.swift */ = {isa = PBXFileReference; lastKnownFileType = sourcecode.swift; path = Sources/SpotAsk/Intents/SpotAskIntents.swift; sourceTree = SOURCE_ROOT; };
		002000000000000000000008 /* SessionStore.swift */ = {isa = PBXFileReference; lastKnownFileType = sourcecode.swift; path = Sources/SpotAsk/Persistence/SessionStore.swift; sourceTree = SOURCE_ROOT; };
		002000000000000000000009 /* ChatProvider.swift */ = {isa = PBXFileReference; lastKnownFileType = sourcecode.swift; path = Sources/SpotAsk/Provider/ChatProvider.swift; sourceTree = SOURCE_ROOT; };
		00200000000000000000000A /* OpenAICompatibleProvider.swift */ = {isa = PBXFileReference; lastKnownFileType = sourcecode.swift; path = Sources/SpotAsk/Provider/OpenAICompatibleProvider.swift; sourceTree = SOURCE_ROOT; };
		00200000000000000000000B /* SSEParser.swift */ = {isa = PBXFileReference; lastKnownFileType = sourcecode.swift; path = Sources/SpotAsk/Provider/SSEParser.swift; sourceTree = SOURCE_ROOT; };
		00200000000000000000000C /* ChatInputTextView.swift */ = {isa = PBXFileReference; lastKnownFileType = sourcecode.swift; path = Sources/SpotAsk/Rendering/ChatInputTextView.swift; sourceTree = SOURCE_ROOT; };
		00200000000000000000000D /* ChatView.swift */ = {isa = PBXFileReference; lastKnownFileType = sourcecode.swift; path = Sources/SpotAsk/Rendering/ChatView.swift; sourceTree = SOURCE_ROOT; };
		00200000000000000000000E /* CodeBlockView.swift */ = {isa = PBXFileReference; lastKnownFileType = sourcecode.swift; path = Sources/SpotAsk/Rendering/CodeBlockView.swift; sourceTree = SOURCE_ROOT; };
		002000000000000000000010 /* MarkdownTextView.swift */ = {isa = PBXFileReference; lastKnownFileType = sourcecode.swift; path = Sources/SpotAsk/Rendering/MarkdownTextView.swift; sourceTree = SOURCE_ROOT; };
		002000000000000000000011 /* MessageContentView.swift */ = {isa = PBXFileReference; lastKnownFileType = sourcecode.swift; path = Sources/SpotAsk/Rendering/MessageContentView.swift; sourceTree = SOURCE_ROOT; };
		002000000000000000000012 /* ScrollPositionObserver.swift */ = {isa = PBXFileReference; lastKnownFileType = sourcecode.swift; path = Sources/SpotAsk/Rendering/ScrollPositionObserver.swift; sourceTree = SOURCE_ROOT; };
		002000000000000000000013 /* LocalAPIKeyStore.swift */ = {isa = PBXFileReference; lastKnownFileType = sourcecode.swift; path = Sources/SpotAsk/Persistence/LocalAPIKeyStore.swift; sourceTree = SOURCE_ROOT; };
		002000000000000000000014 /* AppSettings.swift */ = {isa = PBXFileReference; lastKnownFileType = sourcecode.swift; path = Sources/SpotAsk/Settings/AppSettings.swift; sourceTree = SOURCE_ROOT; };
		002000000000000000000015 /* SettingsView.swift */ = {isa = PBXFileReference; lastKnownFileType = sourcecode.swift; path = Sources/SpotAsk/Settings/SettingsView.swift; sourceTree = SOURCE_ROOT; };
		002000000000000000000016 /* Clipboard.swift */ = {isa = PBXFileReference; lastKnownFileType = sourcecode.swift; path = Sources/SpotAsk/Utilities/Clipboard.swift; sourceTree = SOURCE_ROOT; };
		002000000000000000000017 /* SafeLogger.swift */ = {isa = PBXFileReference; lastKnownFileType = sourcecode.swift; path = Sources/SpotAsk/Utilities/SafeLogger.swift; sourceTree = SOURCE_ROOT; };
		002000000000000000000018 /* URLNormalizer.swift */ = {isa = PBXFileReference; lastKnownFileType = sourcecode.swift; path = Sources/SpotAsk/Utilities/URLNormalizer.swift; sourceTree = SOURCE_ROOT; };
		002000000000000000000019 /* SpotAskPanelController.swift */ = {isa = PBXFileReference; lastKnownFileType = sourcecode.swift; path = Sources/SpotAsk/Window/SpotAskPanelController.swift; sourceTree = SOURCE_ROOT; };
		002000000000000000000020 /* Info.plist */ = {isa = PBXFileReference; lastKnownFileType = text.plist.xml; path = Resources/Info.plist; sourceTree = SOURCE_ROOT; };
		002000000000000000000021 /* SpotAsk.entitlements */ = {isa = PBXFileReference; lastKnownFileType = text.plist.entitlements; path = Config/SpotAsk.entitlements; sourceTree = SOURCE_ROOT; };
		002000000000000000000022 /* SpotAsk.app */ = {isa = PBXFileReference; explicitFileType = wrapper.application; includeInIndex = 0; path = SpotAsk.app; sourceTree = BUILT_PRODUCTS_DIR; };
		002000000000000000000023 /* Localization.swift */ = {isa = PBXFileReference; lastKnownFileType = sourcecode.swift; path = Sources/SpotAsk/Utilities/Localization.swift; sourceTree = SOURCE_ROOT; };
		002000000000000000000024 /* en */ = {isa = PBXFileReference; lastKnownFileType = text.plist.strings; name = en; path = Sources/SpotAsk/Resources/en.lproj/Localizable.strings; sourceTree = SOURCE_ROOT; };
		002000000000000000000025 /* zh-Hans */ = {isa = PBXFileReference; lastKnownFileType = text.plist.strings; name = zh-Hans; path = Sources/SpotAsk/Resources/zh-Hans.lproj/Localizable.strings; sourceTree = SOURCE_ROOT; };
		002000000000000000000027 /* en */ = {isa = PBXFileReference; lastKnownFileType = text.plist.strings; name = en; path = Sources/SpotAsk/Resources/en.lproj/AppShortcuts.strings; sourceTree = SOURCE_ROOT; };
		002000000000000000000028 /* zh-Hans */ = {isa = PBXFileReference; lastKnownFileType = text.plist.strings; name = zh-Hans; path = Sources/SpotAsk/Resources/zh-Hans.lproj/AppShortcuts.strings; sourceTree = SOURCE_ROOT; };
		002000000000000000000030 /* AppIcon.icns */ = {isa = PBXFileReference; lastKnownFileType = image.icns; path = Resources/AppIcon.icns; sourceTree = SOURCE_ROOT; };
		002000000000000000000031 /* AppUpdateChecker.swift */ = {isa = PBXFileReference; lastKnownFileType = sourcecode.swift; path = Sources/SpotAsk/Settings/AppUpdateChecker.swift; sourceTree = SOURCE_ROOT; };
		002000000000000000000032 /* ProviderModelCatalog.swift */ = {isa = PBXFileReference; lastKnownFileType = sourcecode.swift; path = Sources/SpotAsk/Provider/ProviderModelCatalog.swift; sourceTree = SOURCE_ROOT; };
		002000000000000000000033 /* ProviderModelRegistry.swift */ = {isa = PBXFileReference; lastKnownFileType = sourcecode.swift; path = Sources/SpotAsk/Provider/ProviderModelRegistry.swift; sourceTree = SOURCE_ROOT; };
		002000000000000000000034 /* ProviderTargetResolver.swift */ = {isa = PBXFileReference; lastKnownFileType = sourcecode.swift; path = Sources/SpotAsk/Provider/ProviderTargetResolver.swift; sourceTree = SOURCE_ROOT; };
		002000000000000000000035 /* ReasoningToggleState.swift */ = {isa = PBXFileReference; lastKnownFileType = sourcecode.swift; path = Sources/SpotAsk/Rendering/ReasoningToggleState.swift; sourceTree = SOURCE_ROOT; };
		002000000000000000000036 /* ProviderModelDiscovery.swift */ = {isa = PBXFileReference; lastKnownFileType = sourcecode.swift; path = Sources/SpotAsk/Provider/ProviderModelDiscovery.swift; sourceTree = SOURCE_ROOT; };
		002000000000000000000037 /* SettingsWindowController.swift */ = {isa = PBXFileReference; lastKnownFileType = sourcecode.swift; path = Sources/SpotAsk/Window/SettingsWindowController.swift; sourceTree = SOURCE_ROOT; };
		002000000000000000000038 /* InAppShortcut.swift */ = {isa = PBXFileReference; lastKnownFileType = sourcecode.swift; path = Sources/SpotAsk/Settings/InAppShortcut.swift; sourceTree = SOURCE_ROOT; };
		002000000000000000000039 /* InAppShortcutDispatcher.swift */ = {isa = PBXFileReference; lastKnownFileType = sourcecode.swift; path = Sources/SpotAsk/Rendering/InAppShortcutDispatcher.swift; sourceTree = SOURCE_ROOT; };
		00200000000000000000003A /* StatusToast.swift */ = {isa = PBXFileReference; lastKnownFileType = sourcecode.swift; path = Sources/SpotAsk/Rendering/StatusToast.swift; sourceTree = SOURCE_ROOT; };
		00200000000000000000003B /* ConfigBackup.swift */ = {isa = PBXFileReference; lastKnownFileType = sourcecode.swift; path = Sources/SpotAsk/Settings/ConfigBackup.swift; sourceTree = SOURCE_ROOT; };
		00200000000000000000003C /* AccessibilityElementReading.swift */ = {isa = PBXFileReference; lastKnownFileType = sourcecode.swift; path = Sources/SpotAsk/Selection/AccessibilityElementReading.swift; sourceTree = SOURCE_ROOT; };
		00200000000000000000003D /* AccessibilitySelectedTextReader.swift */ = {isa = PBXFileReference; lastKnownFileType = sourcecode.swift; path = Sources/SpotAsk/Selection/AccessibilitySelectedTextReader.swift; sourceTree = SOURCE_ROOT; };
		00200000000000000000003E /* SelectedTextSnapshot.swift */ = {isa = PBXFileReference; lastKnownFileType = sourcecode.swift; path = Sources/SpotAsk/Selection/SelectedTextSnapshot.swift; sourceTree = SOURCE_ROOT; };
		00200000000000000000003F /* SelectionAnchorCoordinates.swift */ = {isa = PBXFileReference; lastKnownFileType = sourcecode.swift; path = Sources/SpotAsk/Selection/SelectionAnchorCoordinates.swift; sourceTree = SOURCE_ROOT; };
		002000000000000000000040 /* SelectionAssistantCoordinator.swift */ = {isa = PBXFileReference; lastKnownFileType = sourcecode.swift; path = Sources/SpotAsk/Selection/SelectionAssistantCoordinator.swift; sourceTree = SOURCE_ROOT; };
		002000000000000000000041 /* SelectionOverlayController.swift */ = {isa = PBXFileReference; lastKnownFileType = sourcecode.swift; path = Sources/SpotAsk/Selection/SelectionOverlayController.swift; sourceTree = SOURCE_ROOT; };
		002000000000000000000042 /* SelectionActionBarView.swift */ = {isa = PBXFileReference; lastKnownFileType = sourcecode.swift; path = Sources/SpotAsk/Selection/SelectionActionBarView.swift; sourceTree = SOURCE_ROOT; };
		002000000000000000000043 /* AccessibilityPermissionCoordinator.swift */ = {isa = PBXFileReference; lastKnownFileType = sourcecode.swift; path = Sources/SpotAsk/Selection/AccessibilityPermissionCoordinator.swift; sourceTree = SOURCE_ROOT; };
		002000000000000000000044 /* AccessibilitySelectionReplacementWriter.swift */ = {isa = PBXFileReference; lastKnownFileType = sourcecode.swift; path = Sources/SpotAsk/Selection/AccessibilitySelectionReplacementWriter.swift; sourceTree = SOURCE_ROOT; };
		002000000000000000000045 /* SelectionAutoInvokeMonitor.swift */ = {isa = PBXFileReference; lastKnownFileType = sourcecode.swift; path = Sources/SpotAsk/Selection/SelectionAutoInvokeMonitor.swift; sourceTree = SOURCE_ROOT; };
		002000000000000000000046 /* SelectionElementChain.swift */ = {isa = PBXFileReference; lastKnownFileType = sourcecode.swift; path = Sources/SpotAsk/Selection/SelectionElementChain.swift; sourceTree = SOURCE_ROOT; };
		002000000000000000000047 /* ChatNetworking.swift */ = {isa = PBXFileReference; lastKnownFileType = sourcecode.swift; path = Sources/SpotAsk/Provider/ChatNetworking.swift; sourceTree = SOURCE_ROOT; };
		002000000000000000000048 /* SelectionDiagnosticsFormatting.swift */ = {isa = PBXFileReference; lastKnownFileType = sourcecode.swift; path = Sources/SpotAsk/Selection/SelectionDiagnosticsFormatting.swift; sourceTree = SOURCE_ROOT; };
		002000000000000000000049 /* SelectionDiagnosticsSink.swift */ = {isa = PBXFileReference; lastKnownFileType = sourcecode.swift; path = Sources/SpotAsk/Utilities/SelectionDiagnosticsSink.swift; sourceTree = SOURCE_ROOT; };
		00200000000000000000004A /* AnthropicProvider.swift */ = {isa = PBXFileReference; lastKnownFileType = sourcecode.swift; path = Sources/SpotAsk/Provider/AnthropicProvider.swift; sourceTree = SOURCE_ROOT; };
		00200000000000000000004B /* DiagnosticLogStore.swift */ = {isa = PBXFileReference; lastKnownFileType = sourcecode.swift; path = Sources/SpotAsk/Utilities/DiagnosticLogStore.swift; sourceTree = SOURCE_ROOT; };
		00200000000000000000004C /* es */ = {isa = PBXFileReference; lastKnownFileType = text.plist.strings; name = es; path = Sources/SpotAsk/Resources/es.lproj/Localizable.strings; sourceTree = SOURCE_ROOT; };
		00200000000000000000004D /* de */ = {isa = PBXFileReference; lastKnownFileType = text.plist.strings; name = de; path = Sources/SpotAsk/Resources/de.lproj/Localizable.strings; sourceTree = SOURCE_ROOT; };
		00200000000000000000004E /* ja */ = {isa = PBXFileReference; lastKnownFileType = text.plist.strings; name = ja; path = Sources/SpotAsk/Resources/ja.lproj/Localizable.strings; sourceTree = SOURCE_ROOT; };
		00200000000000000000004F /* fr */ = {isa = PBXFileReference; lastKnownFileType = text.plist.strings; name = fr; path = Sources/SpotAsk/Resources/fr.lproj/Localizable.strings; sourceTree = SOURCE_ROOT; };
		002000000000000000000050 /* pt */ = {isa = PBXFileReference; lastKnownFileType = text.plist.strings; name = pt; path = Sources/SpotAsk/Resources/pt.lproj/Localizable.strings; sourceTree = SOURCE_ROOT; };
		002000000000000000000051 /* ru */ = {isa = PBXFileReference; lastKnownFileType = text.plist.strings; name = ru; path = Sources/SpotAsk/Resources/ru.lproj/Localizable.strings; sourceTree = SOURCE_ROOT; };
		002000000000000000000052 /* es */ = {isa = PBXFileReference; lastKnownFileType = text.plist.strings; name = es; path = Sources/SpotAsk/Resources/es.lproj/AppShortcuts.strings; sourceTree = SOURCE_ROOT; };
		002000000000000000000053 /* de */ = {isa = PBXFileReference; lastKnownFileType = text.plist.strings; name = de; path = Sources/SpotAsk/Resources/de.lproj/AppShortcuts.strings; sourceTree = SOURCE_ROOT; };
		002000000000000000000054 /* ja */ = {isa = PBXFileReference; lastKnownFileType = text.plist.strings; name = ja; path = Sources/SpotAsk/Resources/ja.lproj/AppShortcuts.strings; sourceTree = SOURCE_ROOT; };
		002000000000000000000055 /* fr */ = {isa = PBXFileReference; lastKnownFileType = text.plist.strings; name = fr; path = Sources/SpotAsk/Resources/fr.lproj/AppShortcuts.strings; sourceTree = SOURCE_ROOT; };
		002000000000000000000056 /* pt */ = {isa = PBXFileReference; lastKnownFileType = text.plist.strings; name = pt; path = Sources/SpotAsk/Resources/pt.lproj/AppShortcuts.strings; sourceTree = SOURCE_ROOT; };
		002000000000000000000057 /* ru */ = {isa = PBXFileReference; lastKnownFileType = text.plist.strings; name = ru; path = Sources/SpotAsk/Resources/ru.lproj/AppShortcuts.strings; sourceTree = SOURCE_ROOT; };
		002000000000000000000058 /* ChatAttachment.swift */ = {isa = PBXFileReference; lastKnownFileType = sourcecode.swift; path = Sources/SpotAsk/Attachments/ChatAttachment.swift; sourceTree = SOURCE_ROOT; };
		002000000000000000000059 /* AttachmentProcessor.swift */ = {isa = PBXFileReference; lastKnownFileType = sourcecode.swift; path = Sources/SpotAsk/Attachments/AttachmentProcessor.swift; sourceTree = SOURCE_ROOT; };
		00200000000000000000005A /* ProviderIcons */ = {isa = PBXFileReference; lastKnownFileType = folder; path = Sources/SpotAsk/Resources/ProviderIcons; sourceTree = SOURCE_ROOT; };
		00200000000000000000005B /* ProviderBrandIcon.swift */ = {isa = PBXFileReference; lastKnownFileType = sourcecode.swift; path = Sources/SpotAsk/Rendering/ProviderBrandIcon.swift; sourceTree = SOURCE_ROOT; };
/* End PBXFileReference section */

/* Begin PBXGroup section */
		003000000000000000000001 = {
			isa = PBXGroup;
			children = (
				003000000000000000000002 /* Sources */,
				003000000000000000000003 /* Resources */,
				003000000000000000000004 /* Config */,
				003000000000000000000005 /* Products */,
			);
			sourceTree = "<group>";
		};
		003000000000000000000002 /* Sources */ = {
			isa = PBXGroup;
			children = (
				002000000000000000000001 /* SpotAskApp.swift */,
				002000000000000000000002 /* SpotAskCommandCenter.swift */,
				002000000000000000000003 /* StatusBarController.swift */,
				002000000000000000000004 /* ChatModels.swift */,
				002000000000000000000005 /* ChatViewModel.swift */,
				002000000000000000000006 /* GlobalHotKey.swift */,
				002000000000000000000007 /* SpotAskIntents.swift */,
				002000000000000000000008 /* SessionStore.swift */,
				002000000000000000000009 /* ChatProvider.swift */,
				00200000000000000000000A /* OpenAICompatibleProvider.swift */,
				00200000000000000000004A /* AnthropicProvider.swift */,
				002000000000000000000047 /* ChatNetworking.swift */,
				002000000000000000000032 /* ProviderModelCatalog.swift */,
				002000000000000000000033 /* ProviderModelRegistry.swift */,
				002000000000000000000034 /* ProviderTargetResolver.swift */,
				002000000000000000000036 /* ProviderModelDiscovery.swift */,
				00200000000000000000000B /* SSEParser.swift */,
				00200000000000000000000C /* ChatInputTextView.swift */,
				002000000000000000000039 /* InAppShortcutDispatcher.swift */,
				00200000000000000000000D /* ChatView.swift */,
				00200000000000000000000E /* CodeBlockView.swift */,
				002000000000000000000010 /* MarkdownTextView.swift */,
				002000000000000000000011 /* MessageContentView.swift */,
				00200000000000000000003A /* StatusToast.swift */,
				002000000000000000000035 /* ReasoningToggleState.swift */,
				002000000000000000000012 /* ScrollPositionObserver.swift */,
				002000000000000000000013 /* LocalAPIKeyStore.swift */,
				002000000000000000000014 /* AppSettings.swift */,
				00200000000000000000003B /* ConfigBackup.swift */,
				002000000000000000000038 /* InAppShortcut.swift */,
				002000000000000000000015 /* SettingsView.swift */,
				002000000000000000000031 /* AppUpdateChecker.swift */,
				002000000000000000000016 /* Clipboard.swift */,
				002000000000000000000017 /* SafeLogger.swift */,
				002000000000000000000049 /* SelectionDiagnosticsSink.swift */,
				002000000000000000000018 /* URLNormalizer.swift */,
				00200000000000000000004B /* DiagnosticLogStore.swift */,
				002000000000000000000019 /* SpotAskPanelController.swift */,
				002000000000000000000037 /* SettingsWindowController.swift */,
				00200000000000000000003C /* AccessibilityElementReading.swift */,
				00200000000000000000003D /* AccessibilitySelectedTextReader.swift */,
				00200000000000000000003E /* SelectedTextSnapshot.swift */,
				00200000000000000000003F /* SelectionAnchorCoordinates.swift */,
				002000000000000000000040 /* SelectionAssistantCoordinator.swift */,
				002000000000000000000041 /* SelectionOverlayController.swift */,
				002000000000000000000042 /* SelectionActionBarView.swift */,
				002000000000000000000043 /* AccessibilityPermissionCoordinator.swift */,
				002000000000000000000044 /* AccessibilitySelectionReplacementWriter.swift */,
				002000000000000000000045 /* SelectionAutoInvokeMonitor.swift */,
				002000000000000000000046 /* SelectionElementChain.swift */,
				002000000000000000000048 /* SelectionDiagnosticsFormatting.swift */,
				002000000000000000000058 /* ChatAttachment.swift */,
				002000000000000000000059 /* AttachmentProcessor.swift */,
				00200000000000000000005B /* ProviderBrandIcon.swift */,
				002000000000000000000023 /* Localization.swift */,
			);
			name = Sources;
			sourceTree = "<group>";
		};
		003000000000000000000003 /* Resources */ = {
			isa = PBXGroup;
			children = (002000000000000000000020 /* Info.plist */, 002000000000000000000030 /* AppIcon.icns */, 002000000000000000000026 /* Localizable.strings */, 002000000000000000000029 /* AppShortcuts.strings */, 00200000000000000000005A /* ProviderIcons */);
			name = Resources;
			sourceTree = "<group>";
		};
		003000000000000000000004 /* Config */ = {
			isa = PBXGroup;
			children = (002000000000000000000021 /* SpotAsk.entitlements */,);
			name = Config;
			sourceTree = "<group>";
		};
		003000000000000000000005 /* Products */ = {
			isa = PBXGroup;
			children = (002000000000000000000022 /* SpotAsk.app */,);
			name = Products;
			sourceTree = "<group>";
		};
/* End PBXGroup section */

/* Begin PBXVariantGroup section */
		002000000000000000000026 /* Localizable.strings */ = {
			isa = PBXVariantGroup;
			children = (
				002000000000000000000024 /* en */,
				002000000000000000000025 /* zh-Hans */,
				00200000000000000000004C /* es */,
				00200000000000000000004D /* de */,
				00200000000000000000004E /* ja */,
				00200000000000000000004F /* fr */,
				002000000000000000000050 /* pt */,
				002000000000000000000051 /* ru */,
			);
			name = Localizable.strings;
			sourceTree = "<group>";
		};
		002000000000000000000029 /* AppShortcuts.strings */ = {
			isa = PBXVariantGroup;
			children = (
				002000000000000000000027 /* en */,
				002000000000000000000028 /* zh-Hans */,
				002000000000000000000052 /* es */,
				002000000000000000000053 /* de */,
				002000000000000000000054 /* ja */,
				002000000000000000000055 /* fr */,
				002000000000000000000056 /* pt */,
				002000000000000000000057 /* ru */,
			);
			name = AppShortcuts.strings;
			sourceTree = "<group>";
		};
/* End PBXVariantGroup section */

/* Begin PBXNativeTarget section */
		004000000000000000000001 /* SpotAsk */ = {
			isa = PBXNativeTarget;
			buildConfigurationList = 005000000000000000000002 /* Build configuration list for PBXNativeTarget "SpotAsk" */;
			buildPhases = (
				006000000000000000000001 /* Sources */,
				006000000000000000000002 /* Frameworks */,
				006000000000000000000003 /* Resources */,
			);
			buildRules = ();
			dependencies = ();
			name = SpotAsk;
			packageProductDependencies = (
				009000000000000000000002 /* Textual */,
			);
			productName = SpotAsk;
			productReference = 002000000000000000000022 /* SpotAsk.app */;
			productType = "com.apple.product-type.application";
		};
/* End PBXNativeTarget section */

/* Begin PBXProject section */
		007000000000000000000001 /* Project object */ = {
			isa = PBXProject;
			attributes = {
				BuildIndependentTargetsInParallel = 1;
				LastSwiftUpdateCheck = 2660;
				LastUpgradeCheck = 2660;
				TargetAttributes = {
					004000000000000000000001 = {
						CreatedOnToolsVersion = 26.6;
					};
				};
			};
			buildConfigurationList = 005000000000000000000001 /* Build configuration list for PBXProject "SpotAsk" */;
			compatibilityVersion = "Xcode 16.0";
			developmentRegion = en;
			hasScannedForEncodings = 0;
			knownRegions = (en, "zh-Hans", Base);
			mainGroup = 003000000000000000000001;
			minimizedProjectReferenceProxies = 1;
			preferredProjectObjectVersion = 77;
			productRefGroup = 003000000000000000000005 /* Products */;
			projectDirPath = "";
			projectRoot = "";
			packageReferences = (
				009000000000000000000001 /* XCLocalSwiftPackageReference "textual-0.5.0" */,
			);
			targets = (004000000000000000000001 /* SpotAsk */,);
		};
/* End PBXProject section */

/* Begin PBXResourcesBuildPhase section */
		006000000000000000000003 /* Resources */ = {isa = PBXResourcesBuildPhase; buildActionMask = 2147483647; files = (001000000000000000000021 /* Localizable.strings in Resources */, 001000000000000000000022 /* AppShortcuts.strings in Resources */, 001000000000000000000023 /* AppIcon.icns in Resources */, 001000000000000000000041 /* ProviderIcons in Resources */,); runOnlyForDeploymentPostprocessing = 0; };
/* End PBXResourcesBuildPhase section */

/* Begin PBXSourcesBuildPhase section */
		006000000000000000000001 /* Sources */ = {
			isa = PBXSourcesBuildPhase;
			buildActionMask = 2147483647;
			files = (
				001000000000000000000001, 001000000000000000000002, 001000000000000000000003,
				001000000000000000000004, 001000000000000000000005, 001000000000000000000006,
				001000000000000000000007, 001000000000000000000008, 001000000000000000000009,
				00100000000000000000000A, 00100000000000000000000B, 00100000000000000000000C,
				00100000000000000000000D, 00100000000000000000000E, 001000000000000000000010,
				001000000000000000000011, 001000000000000000000012,
				001000000000000000000013, 001000000000000000000014, 001000000000000000000015,
				001000000000000000000016, 001000000000000000000017, 001000000000000000000018,
				001000000000000000000019,
				00100000000000000000002A,
				001000000000000000000020,
				001000000000000000000024,
				001000000000000000000025, 001000000000000000000026,
				001000000000000000000027, 001000000000000000000028,
				001000000000000000000029,
				00100000000000000000002B,
				00100000000000000000002C,
				00100000000000000000002D,
				00100000000000000000002E,
				00100000000000000000002F,
				001000000000000000000030,
				001000000000000000000031,
				001000000000000000000032,
				001000000000000000000033,
				001000000000000000000034,
				001000000000000000000035,
				001000000000000000000036,
				001000000000000000000037,
				001000000000000000000038,
				001000000000000000000039,
				00100000000000000000003A,
				00100000000000000000003B,
				00100000000000000000003C,
				00100000000000000000003D,
				00100000000000000000003E,
				00100000000000000000003F,
				001000000000000000000040,
				001000000000000000000042,
			);
			runOnlyForDeploymentPostprocessing = 0;
		};
/* End PBXSourcesBuildPhase section */

/* Begin PBXFrameworksBuildPhase section */
		006000000000000000000002 /* Frameworks */ = {isa = PBXFrameworksBuildPhase; buildActionMask = 2147483647; files = (00100000000000000000001A /* Textual in Frameworks */,); runOnlyForDeploymentPostprocessing = 0; };
/* End PBXFrameworksBuildPhase section */

/* Begin XCLocalSwiftPackageReference section */
		009000000000000000000001 /* XCLocalSwiftPackageReference "textual-0.5.0" */ = {
			isa = XCLocalSwiftPackageReference;
			relativePath = "Vendor/textual-0.5.0";
		};
/* End XCLocalSwiftPackageReference section */

/* Begin XCSwiftPackageProductDependency section */
		009000000000000000000002 /* Textual */ = {
			isa = XCSwiftPackageProductDependency;
			package = 009000000000000000000001 /* XCLocalSwiftPackageReference "textual-0.5.0" */;
			productName = Textual;
		};
/* End XCSwiftPackageProductDependency section */

/* Begin XCBuildConfiguration section */
		008000000000000000000001 /* Debug */ = {
			isa = XCBuildConfiguration;
			buildSettings = {
				ALWAYS_SEARCH_USER_PATHS = NO;
				CLANG_ENABLE_MODULES = YES;
				CLANG_ENABLE_OBJC_ARC = YES;
				CLANG_WARN_QUOTED_INCLUDE_IN_FRAMEWORK_HEADER = YES;
				MACOSX_DEPLOYMENT_TARGET = 15.0;
				SDKROOT = macosx;
			};
			name = Debug;
		};
		008000000000000000000002 /* Release */ = {
			isa = XCBuildConfiguration;
			buildSettings = {
				ALWAYS_SEARCH_USER_PATHS = NO;
				CLANG_ENABLE_MODULES = YES;
				CLANG_ENABLE_OBJC_ARC = YES;
				MACOSX_DEPLOYMENT_TARGET = 15.0;
				SDKROOT = macosx;
			};
			name = Release;
		};
		008000000000000000000003 /* Debug */ = {
			isa = XCBuildConfiguration;
			buildSettings = {
				CODE_SIGN_ENTITLEMENTS = Config/SpotAsk.selection-assistant.entitlements;
				CODE_SIGN_STYLE = Automatic;
				DEVELOPMENT_TEAM = 6UR4V5Z3N7;
				CURRENT_PROJECT_VERSION = 18;
				ENABLE_APP_SANDBOX = NO;
				EXTRACT_APP_INTENTS_METADATA = YES;
				GENERATE_INFOPLIST_FILE = NO;
				INFOPLIST_FILE = Resources/Info.plist;
				LD_RUNPATH_SEARCH_PATHS = "$(inherited) @executable_path/../Frameworks";
				MACOSX_DEPLOYMENT_TARGET = 15.0;
				MARKETING_VERSION = 0.1.6;
				PRODUCT_BUNDLE_IDENTIFIER = com.spotask.app.debug;
				PRODUCT_NAME = "$(TARGET_NAME)";
				SDKROOT = macosx;
				SWIFT_EMIT_LOC_STRINGS = YES;
				SWIFT_VERSION = 6.0;
			};
			name = Debug;
		};
		008000000000000000000004 /* Release */ = {
			isa = XCBuildConfiguration;
			buildSettings = {
				CODE_SIGN_ENTITLEMENTS = Config/SpotAsk.selection-assistant.entitlements;
				CODE_SIGN_STYLE = Automatic;
				DEVELOPMENT_TEAM = 6UR4V5Z3N7;
				CURRENT_PROJECT_VERSION = 18;
				ENABLE_APP_SANDBOX = NO;
				EXTRACT_APP_INTENTS_METADATA = YES;
				GENERATE_INFOPLIST_FILE = NO;
				INFOPLIST_FILE = Resources/Info.plist;
				LD_RUNPATH_SEARCH_PATHS = "$(inherited) @executable_path/../Frameworks";
				MACOSX_DEPLOYMENT_TARGET = 15.0;
				MARKETING_VERSION = 0.1.6;
				PRODUCT_BUNDLE_IDENTIFIER = com.spotask.app;
				PRODUCT_NAME = "$(TARGET_NAME)";
				SDKROOT = macosx;
				SWIFT_COMPILATION_MODE = wholemodule;
				SWIFT_EMIT_LOC_STRINGS = YES;
				SWIFT_OPTIMIZATION_LEVEL = "-O";
				SWIFT_VERSION = 6.0;
			};
			name = Release;
		};
/* End XCBuildConfiguration section */

/* Begin XCConfigurationList section */
		005000000000000000000001 = {isa = XCConfigurationList; buildConfigurations = (008000000000000000000001, 008000000000000000000002); defaultConfigurationIsVisible = 0; defaultConfigurationName = Release; };
		005000000000000000000002 = {isa = XCConfigurationList; buildConfigurations = (008000000000000000000003, 008000000000000000000004); defaultConfigurationIsVisible = 0; defaultConfigurationName = Release; };
/* End XCConfigurationList section */
	};
	rootObject = 007000000000000000000001 /* Project object */;
}
